<?xml version="1.0" encoding="utf-8"?>
<Project ToolsVersion="4.0" xmlns="http://schemas.microsoft.com/developer/msbuild/2003">
  <ItemGroup>
    <Filter Include="Source Files">
      <UniqueIdentifier>{4FC737F1-C7A5-4376-A066-2A32D752A2FF}</UniqueIdentifier>
      <Extensions>cpp;c;cc;cxx;c++;cppm;ixx;def;odl;idl;hpj;bat;asm;asmx</Extensions>
    </Filter>
    <Filter Include="dll">
      <UniqueIdentifier>{9ff7756d-839d-4360-a4b9-e4d20a2d9cc1}</UniqueIdentifier>
    </Filter>
    <Filter Include="dll\dpp">
      <UniqueIdentifier>{57946052-a5f2-4416-83fc-a31a52b6ba5c}</UniqueIdentifier>
    </Filter>
    <Filter Include="dll\dpp\debug">
      <UniqueIdentifier>{e56c1431-9322-46d0-bdf4-c8a22fee87c0}</UniqueIdentifier>
    </Filter>
    <Filter Include="dll\dpp\release">
      <UniqueIdentifier>{bd6fa91c-92ad-4b0e-8606-5bcb9f8d851e}</UniqueIdentifier>
    </Filter>
    <Filter Include="Source Files\cfg">
      <UniqueIdentifier>{461e7945-f1d1-4f74-a926-b265d83d7868}</UniqueIdentifier>
    </Filter>
    <Filter Include="Source Files\common">
      <UniqueIdentifier>{0b92bd2b-3ba3-4e6f-9677-de4486d72098}</UniqueIdentifier>
    </Filter>
    <Filter Include="Source Files\log">
      <UniqueIdentifier>{7f5116ae-50d0-4e15-b5da-15b6496a6c6c}</UniqueIdentifier>
    </Filter>
    <Filter Include="dll\curl">
      <UniqueIdentifier>{fe22589b-b8ec-4979-aa66-476ebe1a1b32}</UniqueIdentifier>
    </Filter>
    <Filter Include="Header Files">
      <UniqueIdentifier>{93995380-89BD-4b04-88EB-625FBE52EBFB}</UniqueIdentifier>
      <Extensions>h;hh;hpp;hxx;h++;hm;inl;inc;ipp;xsd</Extensions>
    </Filter>
    <Filter Include="Header Files\cfg">
      <UniqueIdentifier>{375c9f49-a02c-4a2f-b951-e55b53912a18}</UniqueIdentifier>
    </Filter>
    <Filter Include="Header Files\common">
      <UniqueIdentifier>{9a02d8c3-ade6-47e6-bacf-da25c0b8d810}</UniqueIdentifier>
    </Filter>
    <Filter Include="Header Files\log">
      <UniqueIdentifier>{db52195a-a01e-4913-a3b0-2c378995e25c}</UniqueIdentifier>
    </Filter>
    <Filter Include="Header Files\discord">
      <UniqueIdentifier>{1fd02595-cb27-42b9-8947-ee994001e728}</UniqueIdentifier>
    </Filter>
    <Filter Include="Source Files\discord">
      <UniqueIdentifier>{1b0c45ce-d72b-4798-a97b-f75c649f7bcd}</UniqueIdentifier>
    </Filter>
  </ItemGroup>
  <ItemGroup>
    <ClCompile Include="..\src\main.cpp">
      <Filter>Source Files</Filter>
    </ClCompile>
    <ClCompile Include="..\src\cfg\cfgFile.cpp">
      <Filter>Source Files\cfg</Filter>
    </ClCompile>
    <ClCompile Include="..\src\apate.cpp">
      <Filter>Source Files</Filter>
    </ClCompile>
    <ClCompile Include="..\src\common\util.cpp">
      <Filter>Source Files\common</Filter>
    </ClCompile>
    <ClCompile Include="..\src\chatgpt.cpp">
      <Filter>Source Files</Filter>
    </ClCompile>
    <ClCompile Include="..\src\discord\discordbot.cpp">
      <Filter>Source Files\discord</Filter>
    </ClCompile>
    <ClCompile Include="..\src\discord\serverpersistence.cpp">
      <Filter>Source Files\discord</Filter>
    </ClCompile>
    <ClCompile Include="..\src\log\log.cpp">
      <Filter>Source Files\log</Filter>
    </ClCompile>
  </ItemGroup>
  <ItemGroup>
    <CopyFileToFolders Include="..\thirdparty\dpp\win64\debug\libdpp-10.0.35-win64\bin\libssl-1_1-x64.dll">
      <Filter>dll\dpp\debug</Filter>
    </CopyFileToFolders>
    <CopyFileToFolders Include="..\thirdparty\dpp\win64\debug\libdpp-10.0.35-win64\bin\opus.dll">
      <Filter>dll\dpp\debug</Filter>
    </CopyFileToFolders>
    <CopyFileToFolders Include="..\thirdparty\dpp\win64\debug\libdpp-10.0.35-win64\bin\zlib1.dll">
      <Filter>dll\dpp\debug</Filter>
    </CopyFileToFolders>
    <CopyFileToFolders Include="..\thirdparty\dpp\win64\debug\libdpp-10.0.35-win64\bin\libcrypto-1_1-x64.dll">
      <Filter>dll\dpp\debug</Filter>
    </CopyFileToFolders>
    <CopyFileToFolders Include="..\thirdparty\dpp\win64\debug\libdpp-10.0.35-win64\bin\dpp.dll">
      <Filter>dll\dpp\debug</Filter>
    </CopyFileToFolders>
    <CopyFileToFolders Include="..\thirdparty\dpp\win64\release\libdpp-10.0.35-win64\bin\dpp.dll">
      <Filter>dll\dpp\release</Filter>
    </CopyFileToFolders>
    <CopyFileToFolders Include="..\thirdparty\dpp\win64\release\libdpp-10.0.35-win64\bin\libcrypto-1_1-x64.dll">
      <Filter>dll\dpp\release</Filter>
    </CopyFileToFolders>
    <CopyFileToFolders Include="..\thirdparty\dpp\win64\release\libdpp-10.0.35-win64\bin\libssl-1_1-x64.dll">
      <Filter>dll\dpp\release</Filter>
    </CopyFileToFolders>
    <CopyFileToFolders Include="..\thirdparty\dpp\win64\release\libdpp-10.0.35-win64\bin\opus.dll">
      <Filter>dll\dpp\release</Filter>
    </CopyFileToFolders>
    <CopyFileToFolders Include="..\thirdparty\dpp\win64\release\libdpp-10.0.35-win64\bin\zlib1.dll">
      <Filter>dll\dpp\release</Filter>
    </CopyFileToFolders>
    <CopyFileToFolders Include="..\thirdparty\curl\win64\bin\libcurl.dll">
      <Filter>dll\curl</Filter>
    </CopyFileToFolders>
  </ItemGroup>
  <ItemGroup>
    <ClInclude Include="..\src\cfg\cfg.hpp">
      <Filter>Header Files\cfg</Filter>
    </ClInclude>
    <ClInclude Include="..\src\cfg\cfgFile.hpp">
      <Filter>Header Files\cfg</Filter>
    </ClInclude>
    <ClInclude Include="..\src\common\common.hpp">
      <Filter>Header Files\common</Filter>
    </ClInclude>
    <ClInclude Include="..\src\apate.hpp">
      <Filter>Header Files</Filter>
    </ClInclude>
    <ClInclude Include="..\src\common\util.hpp">
      <Filter>Header Files\common</Filter>
    </ClInclude>
    <ClInclude Include="..\src\chatgpt.hpp">
      <Filter>Header Files</Filter>
    </ClInclude>
    <ClInclude Include="..\src\discord\discordbot.hpp">
      <Filter>Header Files\discord</Filter>
    </ClInclude>
    <ClInclude Include="..\src\discord\serverpersistence.hpp">
      <Filter>Header Files\discord</Filter>
    </ClInclude>
    <ClInclude Include="..\src\log\log.hpp">
      <Filter>Header Files\log</Filter>
    </ClInclude>
  </ItemGroup>
</Project>