
Microsoft Visual Studio Solution File, Format Version 12.00
# Visual Studio Version 17
VisualStudioVersion = 17.8.34525.116
MinimumVisualStudioVersion = 10.0.40219.1
Project("{8BC9CEB8-8B4A-11D0-8D11-00A0C91BC942}") = "apate", "apate.vcxproj", "{9707C798-B2F0-4976-BB7F-16BF7665D73E}"
EndProject
Global
	GlobalSection(SolutionConfigurationPlatforms) = preSolution
		Debug|x64 = Debug|x64
		Debug|x86 = Debug|x86
		Release|x64 = Release|x64
		Release|x86 = Release|x86
	EndGlobalSection
	GlobalSection(ProjectConfigurationPlatforms) = postSolution
		{9707C798-B2F0-4976-BB7F-16BF7665D73E}.Debug|x64.ActiveCfg = Debug|x64
		{9707C798-B2F0-4976-BB7F-16BF7665D73E}.Debug|x64.Build.0 = Debug|x64
		{9707C798-B2F0-4976-BB7F-16BF7665D73E}.Debug|x86.ActiveCfg = Debug|x64
		{9707C798-B2F0-4976-BB7F-16BF7665D73E}.Debug|x86.Build.0 = Debug|x64
		{9707C798-B2F0-4976-BB7F-16BF7665D73E}.Release|x64.ActiveCfg = Release|x64
		{9707C798-B2F0-4976-BB7F-16BF7665D73E}.Release|x86.ActiveCfg = Release|x64
	EndGlobalSection
	GlobalSection(SolutionProperties) = preSolution
		HideSolutionNode = FALSE
	EndGlobalSection
	GlobalSection(ExtensibilityGlobals) = postSolution
		SolutionGuid = {1051366B-D09E-47AD-8A06-B3717DD9028D}
	EndGlobalSection
EndGlobal
